
Microsoft Visual Studio Solution File, Format Version 12.00
# Visual Studio Version 16
VisualStudioVersion = 16.0.30413.136
MinimumVisualStudioVersion = 10.0.40219.1
Project("{FAE04EC0-301F-11D3-BF4B-00C04F79EFBC}") = "ooptry3", "ooptry3\ooptry3.csproj", "{CA979D08-75EE-4D13-9D63-746AA21D1D94}"
EndProject
Global
	GlobalSection(SolutionConfigurationPlatforms) = preSolution
		Debug|Any CPU = Debug|Any CPU
		Release|Any CPU = Release|Any CPU
	EndGlobalSection
	GlobalSection(ProjectConfigurationPlatforms) = postSolution
		{CA979D08-75EE-4D13-9D63-746AA21D1D94}.Debug|Any CPU.ActiveCfg = Debug|Any CPU
		{CA979D08-75EE-4D13-9D63-746AA21D1D94}.Debug|Any CPU.Build.0 = Debug|Any CPU
		{CA979D08-75EE-4D13-9D63-746AA21D1D94}.Release|Any CPU.ActiveCfg = Release|Any CPU
		{CA979D08-75EE-4D13-9D63-746AA21D1D94}.Release|Any CPU.Build.0 = Release|Any CPU
	EndGlobalSection
	GlobalSection(SolutionProperties) = preSolution
		HideSolutionNode = FALSE
	EndGlobalSection
	GlobalSection(ExtensibilityGlobals) = postSolution
		SolutionGuid = {AB95729F-F81C-41F8-9D0D-29E4F013C4F3}
	EndGlobalSection
EndGlobal
